{
  "name": "crdt-sync",
  "version": "1.0.0",
  "lockfileVersion": 3,
  "requires": true,
  "packages": {
    "": {
      "name": "crdt-sync",
      "version": "1.0.0",
      "license": "ISC",
      "devDependencies": {
        "@types/node": "^25.0.9",
        "typescript": "^5.9.3",
        "y-protocols": "^1.0.7",
        "yjs": "^13.6.29"
      }
    },
    "node_modules/@types/node": {
      "version": "25.0.9",
      "resolved": "https://registry.npmjs.org/@types/node/-/node-25.0.9.tgz",
      "integrity": "sha512-/rpCXHlCWeqClNBwUhDcusJxXYDjZTyE8v5oTO7WbL8eij2nKhUeU89/6xgjU7N4/Vh3He0BtyhJdQbDyhiXAw==",
      "dev": true,
      "license": "MIT",
      "dependencies": {
        "undici-types": "~7.16.0"
      }
    },
    "node_modules/isomorphic.js": {
      "version": "0.2.5",
      "resolved": "https://registry.npmjs.org/isomorphic.js/-/isomorphic.js-0.2.5.tgz",
      "integrity": "sha512-PIeMbHqMt4DnUP3MA/Flc0HElYjMXArsw1qwJZcm9sqR8mq3l8NYizFMty0pWwE/tzIGH3EKK5+jes5mAr85yw==",
      "dev": true,
      "license": "MIT",
      "funding": {
        "type": "GitHub Sponsors ❤",
        "url": "https://github.com/sponsors/dmonad"
      }
    },
    "node_modules/lib0": {
      "version": "0.2.117",
      "resolved": "https://registry.npmjs.org/lib0/-/lib0-0.2.117.tgz",
      "integrity": "sha512-DeXj9X5xDCjgKLU/7RR+/HQEVzuuEUiwldwOGsHK/sfAfELGWEyTcf0x+uOvCvK3O2zPmZePXWL85vtia6GyZw==",
      "dev": true,
      "license": "MIT",
      "dependencies": {
        "isomorphic.js": "^0.2.4"
      },
      "bin": {
        "0ecdsa-generate-keypair": "bin/0ecdsa-generate-keypair.js",
        "0gentesthtml": "bin/gentesthtml.js",
        "0serve": "bin/0serve.js"
      },
      "engines": {
        "node": ">=16"
      },
      "funding": {
        "type": "GitHub Sponsors ❤",
        "url": "https://github.com/sponsors/dmonad"
      }
    },
    "node_modules/typescript": {
      "version": "5.9.3",
      "resolved": "https://registry.npmjs.org/typescript/-/typescript-5.9.3.tgz",
      "integrity": "sha512-jl1vZzPDinLr9eUt3J/t7V6FgNEw9QjvBPdysz9KfQDD41fQrC2Y4vKQdiaUpFT4bXlb1RHhLpp8wtm6M5TgSw==",
      "dev": true,
      "license": "Apache-2.0",
      "bin": {
        "tsc": "bin/tsc",
        "tsserver": "bin/tsserver"
      },
      "engines": {
        "node": ">=14.17"
      }
    },
    "node_modules/undici-types": {
      "version": "7.16.0",
      "resolved": "https://registry.npmjs.org/undici-types/-/undici-types-7.16.0.tgz",
      "integrity": "sha512-Zz+aZWSj8LE6zoxD+xrjh4VfkIG8Ya6LvYkZqtUQGJPZjYl53ypCaUwWqo7eI0x66KBGeRo+mlBEkMSeSZ38Nw==",
      "dev": true,
      "license": "MIT"
    },
    "node_modules/y-protocols": {
      "version": "1.0.7",
      "resolved": "https://registry.npmjs.org/y-protocols/-/y-protocols-1.0.7.tgz",
      "integrity": "sha512-YSVsLoXxO67J6eE/nV4AtFtT3QEotZf5sK5BHxFBXso7VDUT3Tx07IfA6hsu5Q5OmBdMkQVmFZ9QOA7fikWvnw==",
      "dev": true,
      "license": "MIT",
      "dependencies": {
        "lib0": "^0.2.85"
      },
      "engines": {
        "node": ">=16.0.0",
        "npm": ">=8.0.0"
      },
      "funding": {
        "type": "GitHub Sponsors ❤",
        "url": "https://github.com/sponsors/dmonad"
      },
      "peerDependencies": {
        "yjs": "^13.0.0"
      }
    },
    "node_modules/yjs": {
      "version": "13.6.29",
      "resolved": "https://registry.npmjs.org/yjs/-/yjs-13.6.29.tgz",
      "integrity": "sha512-kHqDPdltoXH+X4w1lVmMtddE3Oeqq48nM40FD5ojTd8xYhQpzIDcfE2keMSU5bAgRPJBe225WTUdyUgj1DtbiQ==",
      "dev": true,
      "license": "MIT",
      "peer": true,
      "dependencies": {
        "lib0": "^0.2.99"
      },
      "engines": {
        "node": ">=16.0.0",
        "npm": ">=8.0.0"
      },
      "funding": {
        "type": "GitHub Sponsors ❤",
        "url": "https://github.com/sponsors/dmonad"
      }
    }
  }
}
